
Microsoft Visual Studio Solution File, Format Version 12.00
# Visual Studio Version 17
VisualStudioVersion = 17.3.32611.2
MinimumVisualStudioVersion = 10.0.40219.1
Project("{9A19103F-16F7-4668-BE54-9A1E7A4F7556}") = "ConsoleUI", "ConsoleUI\ConsoleUI.csproj", "{2C511155-5EE4-4D4E-8BE0-A40ECAE7C020}"
EndProject
Project("{9A19103F-16F7-4668-BE54-9A1E7A4F7556}") = "Entities", "Entities\Entities.csproj", "{73AD5276-489A-41E8-A1FF-4AEADDF9A4CF}"
EndProject
Project("{9A19103F-16F7-4668-BE54-9A1E7A4F7556}") = "DataAccess", "DataAccess\DataAccess.csproj", "{B4D8641A-059E-46C1-A990-07761529141D}"
EndProject
Project("{9A19103F-16F7-4668-BE54-9A1E7A4F7556}") = "Core", "Core\Core.csproj", "{22AB0533-1BB7-491E-A43B-6183C8490B0E}"
EndProject
Project("{9A19103F-16F7-4668-BE54-9A1E7A4F7556}") = "Business", "Business\Business.csproj", "{92951B5A-F642-4D1E-960A-160B8666ADDD}"
EndProject
Project("{FAE04EC0-301F-11D3-BF4B-00C04F79EFBC}") = "WebAPI", "WebAPI\WebAPI.csproj", "{C34E6E43-2D8D-46C5-BA13-E6560435112B}"
EndProject
Global
	GlobalSection(SolutionConfigurationPlatforms) = preSolution
		Debug|Any CPU = Debug|Any CPU
		Release|Any CPU = Release|Any CPU
	EndGlobalSection
	GlobalSection(ProjectConfigurationPlatforms) = postSolution
		{2C511155-5EE4-4D4E-8BE0-A40ECAE7C020}.Debug|Any CPU.ActiveCfg = Debug|Any CPU
		{2C511155-5EE4-4D4E-8BE0-A40ECAE7C020}.Debug|Any CPU.Build.0 = Debug|Any CPU
		{2C511155-5EE4-4D4E-8BE0-A40ECAE7C020}.Release|Any CPU.ActiveCfg = Release|Any CPU
		{2C511155-5EE4-4D4E-8BE0-A40ECAE7C020}.Release|Any CPU.Build.0 = Release|Any CPU
		{73AD5276-489A-41E8-A1FF-4AEADDF9A4CF}.Debug|Any CPU.ActiveCfg = Debug|Any CPU
		{73AD5276-489A-41E8-A1FF-4AEADDF9A4CF}.Debug|Any CPU.Build.0 = Debug|Any CPU
		{73AD5276-489A-41E8-A1FF-4AEADDF9A4CF}.Release|Any CPU.ActiveCfg = Release|Any CPU
		{73AD5276-489A-41E8-A1FF-4AEADDF9A4CF}.Release|Any CPU.Build.0 = Release|Any CPU
		{B4D8641A-059E-46C1-A990-07761529141D}.Debug|Any CPU.ActiveCfg = Debug|Any CPU
		{B4D8641A-059E-46C1-A990-07761529141D}.Debug|Any CPU.Build.0 = Debug|Any CPU
		{B4D8641A-059E-46C1-A990-07761529141D}.Release|Any CPU.ActiveCfg = Release|Any CPU
		{B4D8641A-059E-46C1-A990-07761529141D}.Release|Any CPU.Build.0 = Release|Any CPU
		{22AB0533-1BB7-491E-A43B-6183C8490B0E}.Debug|Any CPU.ActiveCfg = Debug|Any CPU
		{22AB0533-1BB7-491E-A43B-6183C8490B0E}.Debug|Any CPU.Build.0 = Debug|Any CPU
		{22AB0533-1BB7-491E-A43B-6183C8490B0E}.Release|Any CPU.ActiveCfg = Release|Any CPU
		{22AB0533-1BB7-491E-A43B-6183C8490B0E}.Release|Any CPU.Build.0 = Release|Any CPU
		{92951B5A-F642-4D1E-960A-160B8666ADDD}.Debug|Any CPU.ActiveCfg = Debug|Any CPU
		{92951B5A-F642-4D1E-960A-160B8666ADDD}.Debug|Any CPU.Build.0 = Debug|Any CPU
		{92951B5A-F642-4D1E-960A-160B8666ADDD}.Release|Any CPU.ActiveCfg = Release|Any CPU
		{92951B5A-F642-4D1E-960A-160B8666ADDD}.Release|Any CPU.Build.0 = Release|Any CPU
		{C34E6E43-2D8D-46C5-BA13-E6560435112B}.Debug|Any CPU.ActiveCfg = Debug|Any CPU
		{C34E6E43-2D8D-46C5-BA13-E6560435112B}.Debug|Any CPU.Build.0 = Debug|Any CPU
		{C34E6E43-2D8D-46C5-BA13-E6560435112B}.Release|Any CPU.ActiveCfg = Release|Any CPU
		{C34E6E43-2D8D-46C5-BA13-E6560435112B}.Release|Any CPU.Build.0 = Release|Any CPU
	EndGlobalSection
	GlobalSection(SolutionProperties) = preSolution
		HideSolutionNode = FALSE
	EndGlobalSection
	GlobalSection(ExtensibilityGlobals) = postSolution
		SolutionGuid = {D70A95C9-C89C-4777-BD87-58E617250D8C}
	EndGlobalSection
EndGlobal
